# This file is automatically @generated by Cargo.
# It is not intended for manual editing.
version = 4

[[package]]
name = "edge-agent"
version = "0.1.0"
dependencies = [
 "edge-shared-types",
]

[[package]]
name = "edge-controller"
version = "0.1.0"
dependencies = [
 "edge-controller-core",
 "edge-shared-types",
]

[[package]]
name = "edge-controller-core"
version = "0.1.0"
dependencies = [
 "edge-shared-types",
]

[[package]]
name = "edge-shared-types"
version = "0.1.0"
